Microsoft Visual Studio Solution File, Format Version 12.00
# Visual Studio 2012
Project("{FAE04EC0-301F-11D3-BF4B-00C04F79EFBC}") = "Coorse", "Coorse.csproj", "{A267D101-037C-4F67-8E78-BAF82D807351}"
EndProject
Global
	GlobalSection(SolutionConfigurationPlatforms) = preSolution
	Debug|Any CPU = Debug|Any CPU
	ExportDebug|Any CPU = ExportDebug|Any CPU
	ExportRelease|Any CPU = ExportRelease|Any CPU
	EndGlobalSection
	GlobalSection(ProjectConfigurationPlatforms) = postSolution
		{A267D101-037C-4F67-8E78-BAF82D807351}.Debug|Any CPU.ActiveCfg = Debug|Any CPU
		{A267D101-037C-4F67-8E78-BAF82D807351}.Debug|Any CPU.Build.0 = Debug|Any CPU
		{A267D101-037C-4F67-8E78-BAF82D807351}.ExportDebug|Any CPU.ActiveCfg = ExportDebug|Any CPU
		{A267D101-037C-4F67-8E78-BAF82D807351}.ExportDebug|Any CPU.Build.0 = ExportDebug|Any CPU
		{A267D101-037C-4F67-8E78-BAF82D807351}.ExportRelease|Any CPU.ActiveCfg = ExportRelease|Any CPU
		{A267D101-037C-4F67-8E78-BAF82D807351}.ExportRelease|Any CPU.Build.0 = ExportRelease|Any CPU
	EndGlobalSection
EndGlobal
